
Microsoft Visual Studio Solution File, Format Version 12.00
# Visual Studio 15
VisualStudioVersion = 15.0.26730.16
MinimumVisualStudioVersion = 10.0.40219.1
Project("{8BC9CEB8-8B4A-11D0-8D11-00A0C91BC942}") = "С++_1", "С++_1\С++_1.vcxproj", "{272D4B00-A86B-45D8-8962-F4CF48BEE942}"
EndProject
Global
	GlobalSection(SolutionConfigurationPlatforms) = preSolution
		Debug|x64 = Debug|x64
		Debug|x86 = Debug|x86
		Release|x64 = Release|x64
		Release|x86 = Release|x86
	EndGlobalSection
	GlobalSection(ProjectConfigurationPlatforms) = postSolution
		{272D4B00-A86B-45D8-8962-F4CF48BEE942}.Debug|x64.ActiveCfg = Debug|x64
		{272D4B00-A86B-45D8-8962-F4CF48BEE942}.Debug|x64.Build.0 = Debug|x64
		{272D4B00-A86B-45D8-8962-F4CF48BEE942}.Debug|x86.ActiveCfg = Debug|Win32
		{272D4B00-A86B-45D8-8962-F4CF48BEE942}.Debug|x86.Build.0 = Debug|Win32
		{272D4B00-A86B-45D8-8962-F4CF48BEE942}.Release|x64.ActiveCfg = Release|x64
		{272D4B00-A86B-45D8-8962-F4CF48BEE942}.Release|x64.Build.0 = Release|x64
		{272D4B00-A86B-45D8-8962-F4CF48BEE942}.Release|x86.ActiveCfg = Release|Win32
		{272D4B00-A86B-45D8-8962-F4CF48BEE942}.Release|x86.Build.0 = Release|Win32
	EndGlobalSection
	GlobalSection(SolutionProperties) = preSolution
		HideSolutionNode = FALSE
	EndGlobalSection
	GlobalSection(ExtensibilityGlobals) = postSolution
		SolutionGuid = {FEAE0636-6B24-4C98-9DAE-659B1D4408DA}
	EndGlobalSection
EndGlobal
